
Microsoft Visual Studio Solution File, Format Version 12.00
# Visual Studio 15
VisualStudioVersion = 15.0.27703.2035
MinimumVisualStudioVersion = 10.0.40219.1
Project("{8BC9CEB8-8B4A-11D0-8D11-00A0C91BC942}") = "Laborator1-PLF", "Laborator1-PLF\Laborator1-PLF.vcxproj", "{DAE43BD7-D2AB-418D-93F5-CD144E41BF79}"
EndProject
Global
	GlobalSection(SolutionConfigurationPlatforms) = preSolution
		Debug|x64 = Debug|x64
		Debug|x86 = Debug|x86
		Release|x64 = Release|x64
		Release|x86 = Release|x86
	EndGlobalSection
	GlobalSection(ProjectConfigurationPlatforms) = postSolution
		{DAE43BD7-D2AB-418D-93F5-CD144E41BF79}.Debug|x64.ActiveCfg = Debug|x64
		{DAE43BD7-D2AB-418D-93F5-CD144E41BF79}.Debug|x64.Build.0 = Debug|x64
		{DAE43BD7-D2AB-418D-93F5-CD144E41BF79}.Debug|x86.ActiveCfg = Debug|Win32
		{DAE43BD7-D2AB-418D-93F5-CD144E41BF79}.Debug|x86.Build.0 = Debug|Win32
		{DAE43BD7-D2AB-418D-93F5-CD144E41BF79}.Release|x64.ActiveCfg = Release|x64
		{DAE43BD7-D2AB-418D-93F5-CD144E41BF79}.Release|x64.Build.0 = Release|x64
		{DAE43BD7-D2AB-418D-93F5-CD144E41BF79}.Release|x86.ActiveCfg = Release|Win32
		{DAE43BD7-D2AB-418D-93F5-CD144E41BF79}.Release|x86.Build.0 = Release|Win32
	EndGlobalSection
	GlobalSection(SolutionProperties) = preSolution
		HideSolutionNode = FALSE
	EndGlobalSection
	GlobalSection(ExtensibilityGlobals) = postSolution
		SolutionGuid = {A54DB202-AA68-468E-9C7E-19F04AE58F7F}
	EndGlobalSection
EndGlobal
